
Microsoft Visual Studio Solution File, Format Version 12.00
# Visual Studio Version 17
VisualStudioVersion = 17.14.36414.22 d17.14
MinimumVisualStudioVersion = 10.0.40219.1
Project("{FAE04EC0-301F-11D3-BF4B-00C04F79EFBC}") = "OpenBankingApp_V01", "OpenBankingApp_V01\OpenBankingApp_V01.csproj", "{194602B0-4E38-4E68-87FD-119CF956FBC0}"
EndProject
Global
	GlobalSection(SolutionConfigurationPlatforms) = preSolution
		Debug|Any CPU = Debug|Any CPU
		Release|Any CPU = Release|Any CPU
	EndGlobalSection
	GlobalSection(ProjectConfigurationPlatforms) = postSolution
		{194602B0-4E38-4E68-87FD-119CF956FBC0}.Debug|Any CPU.ActiveCfg = Debug|Any CPU
		{194602B0-4E38-4E68-87FD-119CF956FBC0}.Debug|Any CPU.Build.0 = Debug|Any CPU
		{194602B0-4E38-4E68-87FD-119CF956FBC0}.Release|Any CPU.ActiveCfg = Release|Any CPU
		{194602B0-4E38-4E68-87FD-119CF956FBC0}.Release|Any CPU.Build.0 = Release|Any CPU
	EndGlobalSection
	GlobalSection(SolutionProperties) = preSolution
		HideSolutionNode = FALSE
	EndGlobalSection
	GlobalSection(ExtensibilityGlobals) = postSolution
		SolutionGuid = {32360E16-EE30-42D6-A141-B2DCB5D28843}
	EndGlobalSection
EndGlobal
